
Microsoft Visual Studio Solution File, Format Version 12.00
# Visual Studio 14
VisualStudioVersion = 14.0.25420.1
MinimumVisualStudioVersion = 10.0.40219.1
Project("{FAE04EC0-301F-11D3-BF4B-00C04F79EFBC}") = "X1UserSynchroService", "X1UserSynchroService\X1UserSynchroService.csproj", "{F91A3DF3-6881-4D52-856A-ABE648B387BA}"
EndProject
Project("{FAE04EC0-301F-11D3-BF4B-00C04F79EFBC}") = "UserSynchroWebService", "UserSynchroWebService\UserSynchroWebService.csproj", "{9C635879-7CE8-41ED-AA94-4FFBF8E6D386}"
EndProject
Project("{FAE04EC0-301F-11D3-BF4B-00C04F79EFBC}") = "SynchroCommon", "SynchroCommon\SynchroCommon.csproj", "{EFBD2539-2612-4195-A8E6-173032167813}"
EndProject
Global
	GlobalSection(SolutionConfigurationPlatforms) = preSolution
		Debug|Any CPU = Debug|Any CPU
		Release|Any CPU = Release|Any CPU
	EndGlobalSection
	GlobalSection(ProjectConfigurationPlatforms) = postSolution
		{F91A3DF3-6881-4D52-856A-ABE648B387BA}.Debug|Any CPU.ActiveCfg = Debug|Any CPU
		{F91A3DF3-6881-4D52-856A-ABE648B387BA}.Debug|Any CPU.Build.0 = Debug|Any CPU
		{F91A3DF3-6881-4D52-856A-ABE648B387BA}.Release|Any CPU.ActiveCfg = Release|Any CPU
		{F91A3DF3-6881-4D52-856A-ABE648B387BA}.Release|Any CPU.Build.0 = Release|Any CPU
		{9C635879-7CE8-41ED-AA94-4FFBF8E6D386}.Debug|Any CPU.ActiveCfg = Debug|Any CPU
		{9C635879-7CE8-41ED-AA94-4FFBF8E6D386}.Debug|Any CPU.Build.0 = Debug|Any CPU
		{9C635879-7CE8-41ED-AA94-4FFBF8E6D386}.Release|Any CPU.ActiveCfg = Release|Any CPU
		{9C635879-7CE8-41ED-AA94-4FFBF8E6D386}.Release|Any CPU.Build.0 = Release|Any CPU
		{EFBD2539-2612-4195-A8E6-173032167813}.Debug|Any CPU.ActiveCfg = Debug|Any CPU
		{EFBD2539-2612-4195-A8E6-173032167813}.Debug|Any CPU.Build.0 = Debug|Any CPU
		{EFBD2539-2612-4195-A8E6-173032167813}.Release|Any CPU.ActiveCfg = Release|Any CPU
		{EFBD2539-2612-4195-A8E6-173032167813}.Release|Any CPU.Build.0 = Release|Any CPU
	EndGlobalSection
	GlobalSection(SolutionProperties) = preSolution
		HideSolutionNode = FALSE
	EndGlobalSection
EndGlobal
